// !$*UTF8*$!
{
	archiveVersion = 1;
	classes = {
	};
	objectVersion = 56;
	objects = {

/* Begin PBXBuildFile section */
		2E1CECBD2AF41137004195C6 /* Buttonmaps.swift in Sources */ = {isa = PBXBuildFile; fileRef = 2E1CECBC2AF41137004195C6 /* Buttonmaps.swift */; };
		2E8CC91F2AF004700006C709 /* ContentView.swift in Sources */ = {isa = PBXBuildFile; fileRef = 2E8CC91E2AF004700006C709 /* ContentView.swift */; };
		2E8CC9212AF004720006C709 /* Assets.xcassets in Resources */ = {isa = PBXBuildFile; fileRef = 2E8CC9202AF004720006C709 /* Assets.xcassets */; };
		2E8CC9242AF004720006C709 /* Preview Assets.xcassets in Resources */ = {isa = PBXBuildFile; fileRef = 2E8CC9232AF004720006C709 /* Preview Assets.xcassets */; };
		2E8D6F272AF830FC005DE6C9 /* BottoneStart.swift in Sources */ = {isa = PBXBuildFile; fileRef = 2E8D6F262AF830FC005DE6C9 /* BottoneStart.swift */; };
		2EA3FE342AF8FAD00017E669 /* HistoricalTemplate.swift in Sources */ = {isa = PBXBuildFile; fileRef = 2EA3FE332AF8FAD00017E669 /* HistoricalTemplate.swift */; };
		2EA3FE362AF91F420017E669 /* test2.swift in Sources */ = {isa = PBXBuildFile; fileRef = 2EA3FE352AF91F420017E669 /* test2.swift */; };
		2EA3FE382AF942360017E669 /* Timer.swift in Sources */ = {isa = PBXBuildFile; fileRef = 2EA3FE372AF942360017E669 /* Timer.swift */; };
		2EA3FE3A2AF942E00017E669 /* ContaChilometri.swift in Sources */ = {isa = PBXBuildFile; fileRef = 2EA3FE392AF942E00017E669 /* ContaChilometri.swift */; };
		2EA3FE3C2AF943630017E669 /* TimerAndKm.swift in Sources */ = {isa = PBXBuildFile; fileRef = 2EA3FE3B2AF943630017E669 /* TimerAndKm.swift */; };
		2EC904F42AF6665D0021257F /* RicercaNroFontanelle.swift in Sources */ = {isa = PBXBuildFile; fileRef = 2EC904F32AF6665D0021257F /* RicercaNroFontanelle.swift */; };
		2EC904F72AF685CA0021257F /* Test.swift in Sources */ = {isa = PBXBuildFile; fileRef = 2EC904F62AF685CA0021257F /* Test.swift */; };
		2EDC83862AF2698B009BD09B /* Fontane.swift in Sources */ = {isa = PBXBuildFile; fileRef = 2EDC83852AF2698B009BD09B /* Fontane.swift */; };
		2EDC83882AF269A3009BD09B /* UserAndFontPosition.swift in Sources */ = {isa = PBXBuildFile; fileRef = 2EDC83872AF269A3009BD09B /* UserAndFontPosition.swift */; };
		2EDC838B2AF3A7C5009BD09B /* RunData.swift in Sources */ = {isa = PBXBuildFile; fileRef = 2EDC838A2AF3A7C5009BD09B /* RunData.swift */; };
		2EDC838D2AF3A7D8009BD09B /* ViewForUserDataUpdate.swift in Sources */ = {isa = PBXBuildFile; fileRef = 2EDC838C2AF3A7D8009BD09B /* ViewForUserDataUpdate.swift */; };
		2EDC838F2AF3A7EB009BD09B /* User.swift in Sources */ = {isa = PBXBuildFile; fileRef = 2EDC838E2AF3A7EB009BD09B /* User.swift */; };
		2EDC83912AF3B40E009BD09B /* CurrnetUserLocation.swift in Sources */ = {isa = PBXBuildFile; fileRef = 2EDC83902AF3B40E009BD09B /* CurrnetUserLocation.swift */; };
		2EFC12742AF537CD005C3478 /* Historical.swift in Sources */ = {isa = PBXBuildFile; fileRef = 2EFC12732AF537CD005C3478 /* Historical.swift */; };
		2EFC12762AF54033005C3478 /* ProfileEditButton.swift in Sources */ = {isa = PBXBuildFile; fileRef = 2EFC12752AF54033005C3478 /* ProfileEditButton.swift */; };
		2EFC12782AF54465005C3478 /* UsersData.swift in Sources */ = {isa = PBXBuildFile; fileRef = 2EFC12772AF54465005C3478 /* UsersData.swift */; };
		2EFC127A2AF54A01005C3478 /* ProfileHeader.swift in Sources */ = {isa = PBXBuildFile; fileRef = 2EFC12792AF54A01005C3478 /* ProfileHeader.swift */; };
		2EFC127C2AF571D2005C3478 /* MetereologicStuff.swift in Sources */ = {isa = PBXBuildFile; fileRef = 2EFC127B2AF571D2005C3478 /* MetereologicStuff.swift */; };
		2EFC127E2AF57BAC005C3478 /* SaveAndDiscardButton.swift in Sources */ = {isa = PBXBuildFile; fileRef = 2EFC127D2AF57BAC005C3478 /* SaveAndDiscardButton.swift */; };
/* End PBXBuildFile section */

/* Begin PBXFileReference section */
		2E1CECBC2AF41137004195C6 /* Buttonmaps.swift */ = {isa = PBXFileReference; fileEncoding = 4; lastKnownFileType = sourcecode.swift; path = Buttonmaps.swift; sourceTree = "<group>"; };
		2E8CC9192AF004700006C709 /* HydroRun.app */ = {isa = PBXFileReference; explicitFileType = wrapper.application; includeInIndex = 0; path = HydroRun.app; sourceTree = BUILT_PRODUCTS_DIR; };
		2E8CC91E2AF004700006C709 /* ContentView.swift */ = {isa = PBXFileReference; lastKnownFileType = sourcecode.swift; path = ContentView.swift; sourceTree = "<group>"; };
		2E8CC9202AF004720006C709 /* Assets.xcassets */ = {isa = PBXFileReference; lastKnownFileType = folder.assetcatalog; path = Assets.xcassets; sourceTree = "<group>"; };
		2E8CC9232AF004720006C709 /* Preview Assets.xcassets */ = {isa = PBXFileReference; lastKnownFileType = folder.assetcatalog; path = "Preview Assets.xcassets"; sourceTree = "<group>"; };
		2E8D6F262AF830FC005DE6C9 /* BottoneStart.swift */ = {isa = PBXFileReference; lastKnownFileType = sourcecode.swift; path = BottoneStart.swift; sourceTree = "<group>"; };
		2EA3FE332AF8FAD00017E669 /* HistoricalTemplate.swift */ = {isa = PBXFileReference; lastKnownFileType = sourcecode.swift; path = HistoricalTemplate.swift; sourceTree = "<group>"; };
		2EA3FE352AF91F420017E669 /* test2.swift */ = {isa = PBXFileReference; lastKnownFileType = sourcecode.swift; path = test2.swift; sourceTree = "<group>"; };
		2EA3FE372AF942360017E669 /* Timer.swift */ = {isa = PBXFileReference; lastKnownFileType = sourcecode.swift; path = Timer.swift; sourceTree = "<group>"; };
		2EA3FE392AF942E00017E669 /* ContaChilometri.swift */ = {isa = PBXFileReference; lastKnownFileType = sourcecode.swift; path = ContaChilometri.swift; sourceTree = "<group>"; };
		2EA3FE3B2AF943630017E669 /* TimerAndKm.swift */ = {isa = PBXFileReference; lastKnownFileType = sourcecode.swift; path = TimerAndKm.swift; sourceTree = "<group>"; };
		2EC904F32AF6665D0021257F /* RicercaNroFontanelle.swift */ = {isa = PBXFileReference; lastKnownFileType = sourcecode.swift; path = RicercaNroFontanelle.swift; sourceTree = "<group>"; };
		2EC904F62AF685CA0021257F /* Test.swift */ = {isa = PBXFileReference; lastKnownFileType = sourcecode.swift; path = Test.swift; sourceTree = "<group>"; };
		2EDC83852AF2698B009BD09B /* Fontane.swift */ = {isa = PBXFileReference; fileEncoding = 4; lastKnownFileType = sourcecode.swift; path = Fontane.swift; sourceTree = "<group>"; };
		2EDC83872AF269A3009BD09B /* UserAndFontPosition.swift */ = {isa = PBXFileReference; fileEncoding = 4; lastKnownFileType = sourcecode.swift; path = UserAndFontPosition.swift; sourceTree = "<group>"; };
		2EDC838A2AF3A7C5009BD09B /* RunData.swift */ = {isa = PBXFileReference; lastKnownFileType = sourcecode.swift; path = RunData.swift; sourceTree = "<group>"; };
		2EDC838C2AF3A7D8009BD09B /* ViewForUserDataUpdate.swift */ = {isa = PBXFileReference; lastKnownFileType = sourcecode.swift; path = ViewForUserDataUpdate.swift; sourceTree = "<group>"; };
		2EDC838E2AF3A7EB009BD09B /* User.swift */ = {isa = PBXFileReference; lastKnownFileType = sourcecode.swift; path = User.swift; sourceTree = "<group>"; };
		2EDC83902AF3B40E009BD09B /* CurrnetUserLocation.swift */ = {isa = PBXFileReference; lastKnownFileType = sourcecode.swift; path = CurrnetUserLocation.swift; sourceTree = "<group>"; };
		2EFC12732AF537CD005C3478 /* Historical.swift */ = {isa = PBXFileReference; lastKnownFileType = sourcecode.swift; path = Historical.swift; sourceTree = "<group>"; };
		2EFC12752AF54033005C3478 /* ProfileEditButton.swift */ = {isa = PBXFileReference; lastKnownFileType = sourcecode.swift; path = ProfileEditButton.swift; sourceTree = "<group>"; };
		2EFC12772AF54465005C3478 /* UsersData.swift */ = {isa = PBXFileReference; lastKnownFileType = sourcecode.swift; path = UsersData.swift; sourceTree = "<group>"; };
		2EFC12792AF54A01005C3478 /* ProfileHeader.swift */ = {isa = PBXFileReference; lastKnownFileType = sourcecode.swift; path = ProfileHeader.swift; sourceTree = "<group>"; };
		2EFC127B2AF571D2005C3478 /* MetereologicStuff.swift */ = {isa = PBXFileReference; fileEncoding = 4; lastKnownFileType = sourcecode.swift; path = MetereologicStuff.swift; sourceTree = "<group>"; };
		2EFC127D2AF57BAC005C3478 /* SaveAndDiscardButton.swift */ = {isa = PBXFileReference; lastKnownFileType = sourcecode.swift; path = SaveAndDiscardButton.swift; sourceTree = "<group>"; };
/* End PBXFileReference section */

/* Begin PBXFrameworksBuildPhase section */
		2E8CC9162AF004700006C709 /* Frameworks */ = {
			isa = PBXFrameworksBuildPhase;
			buildActionMask = 2147483647;
			files = (
			);
			runOnlyForDeploymentPostprocessing = 0;
		};
/* End PBXFrameworksBuildPhase section */

/* Begin PBXGroup section */
		2E8CC9102AF004700006C709 = {
			isa = PBXGroup;
			children = (
				2E8CC91B2AF004700006C709 /* HydroRun */,
				2E8CC91A2AF004700006C709 /* Products */,
			);
			sourceTree = "<group>";
		};
		2E8CC91A2AF004700006C709 /* Products */ = {
			isa = PBXGroup;
			children = (
				2E8CC9192AF004700006C709 /* HydroRun.app */,
			);
			name = Products;
			sourceTree = "<group>";
		};
		2E8CC91B2AF004700006C709 /* HydroRun */ = {
			isa = PBXGroup;
			children = (
				2E8CC91E2AF004700006C709 /* ContentView.swift */,
				2EFC12812AF57D85005C3478 /* StructAndUsable */,
				2EFC12802AF57D13005C3478 /* InternetStuffs */,
				2EFC127F2AF57CD0005C3478 /* Buttons */,
				2EFC12722AF52E4F005C3478 /* Profile */,
				2EC904F52AF666670021257F /* Path Fiding Algorithm */,
				2E8CC9202AF004720006C709 /* Assets.xcassets */,
				2E8CC9222AF004720006C709 /* Preview Content */,
			);
			path = HydroRun;
			sourceTree = "<group>";
		};
		2E8CC9222AF004720006C709 /* Preview Content */ = {
			isa = PBXGroup;
			children = (
				2E8CC9232AF004720006C709 /* Preview Assets.xcassets */,
			);
			path = "Preview Content";
			sourceTree = "<group>";
		};
		2EC904F52AF666670021257F /* Path Fiding Algorithm */ = {
			isa = PBXGroup;
			children = (
				2EC904F62AF685CA0021257F /* Test.swift */,
				2EC904F32AF6665D0021257F /* RicercaNroFontanelle.swift */,
				2EA3FE352AF91F420017E669 /* test2.swift */,
			);
			path = "Path Fiding Algorithm";
			sourceTree = "<group>";
		};
		2EFC12722AF52E4F005C3478 /* Profile */ = {
			isa = PBXGroup;
			children = (
				2EDC838E2AF3A7EB009BD09B /* User.swift */,
				2EDC838C2AF3A7D8009BD09B /* ViewForUserDataUpdate.swift */,
				2EFC12732AF537CD005C3478 /* Historical.swift */,
				2EFC12752AF54033005C3478 /* ProfileEditButton.swift */,
				2EFC12772AF54465005C3478 /* UsersData.swift */,
				2EFC12792AF54A01005C3478 /* ProfileHeader.swift */,
				2EFC127D2AF57BAC005C3478 /* SaveAndDiscardButton.swift */,
				2EA3FE332AF8FAD00017E669 /* HistoricalTemplate.swift */,
			);
			path = Profile;
			sourceTree = "<group>";
		};
		2EFC127F2AF57CD0005C3478 /* Buttons */ = {
			isa = PBXGroup;
			children = (
				2E8D6F262AF830FC005DE6C9 /* BottoneStart.swift */,
				2E1CECBC2AF41137004195C6 /* Buttonmaps.swift */,
			);
			path = Buttons;
			sourceTree = "<group>";
		};
		2EFC12802AF57D13005C3478 /* InternetStuffs */ = {
			isa = PBXGroup;
			children = (
				2EDC83902AF3B40E009BD09B /* CurrnetUserLocation.swift */,
				2EDC83872AF269A3009BD09B /* UserAndFontPosition.swift */,
				2EFC127B2AF571D2005C3478 /* MetereologicStuff.swift */,
			);
			path = InternetStuffs;
			sourceTree = "<group>";
		};
		2EFC12812AF57D85005C3478 /* StructAndUsable */ = {
			isa = PBXGroup;
			children = (
				2EA3FE372AF942360017E669 /* Timer.swift */,
				2EA3FE392AF942E00017E669 /* ContaChilometri.swift */,
				2EA3FE3B2AF943630017E669 /* TimerAndKm.swift */,
				2EDC83852AF2698B009BD09B /* Fontane.swift */,
				2EDC838A2AF3A7C5009BD09B /* RunData.swift */,
			);
			path = StructAndUsable;
			sourceTree = "<group>";
		};
/* End PBXGroup section */

/* Begin PBXNativeTarget section */
		2E8CC9182AF004700006C709 /* HydroRun */ = {
			isa = PBXNativeTarget;
			buildConfigurationList = 2E8CC9272AF004720006C709 /* Build configuration list for PBXNativeTarget "HydroRun" */;
			buildPhases = (
				2E8CC9152AF004700006C709 /* Sources */,
				2E8CC9162AF004700006C709 /* Frameworks */,
				2E8CC9172AF004700006C709 /* Resources */,
			);
			buildRules = (
			);
			dependencies = (
			);
			name = HydroRun;
			productName = HydroRun;
			productReference = 2E8CC9192AF004700006C709 /* HydroRun.app */;
			productType = "com.apple.product-type.application";
		};
/* End PBXNativeTarget section */

/* Begin PBXProject section */
		2E8CC9112AF004700006C709 /* Project object */ = {
			isa = PBXProject;
			attributes = {
				BuildIndependentTargetsInParallel = 1;
				LastSwiftUpdateCheck = 1500;
				LastUpgradeCheck = 1500;
				TargetAttributes = {
					2E8CC9182AF004700006C709 = {
						CreatedOnToolsVersion = 15.0;
					};
				};
			};
			buildConfigurationList = 2E8CC9142AF004700006C709 /* Build configuration list for PBXProject "HydroRun" */;
			compatibilityVersion = "Xcode 14.0";
			developmentRegion = en;
			hasScannedForEncodings = 0;
			knownRegions = (
				en,
				Base,
			);
			mainGroup = 2E8CC9102AF004700006C709;
			productRefGroup = 2E8CC91A2AF004700006C709 /* Products */;
			projectDirPath = "";
			projectRoot = "";
			targets = (
				2E8CC9182AF004700006C709 /* HydroRun */,
			);
		};
/* End PBXProject section */

/* Begin PBXResourcesBuildPhase section */
		2E8CC9172AF004700006C709 /* Resources */ = {
			isa = PBXResourcesBuildPhase;
			buildActionMask = 2147483647;
			files = (
				2E8CC9242AF004720006C709 /* Preview Assets.xcassets in Resources */,
				2E8CC9212AF004720006C709 /* Assets.xcassets in Resources */,
			);
			runOnlyForDeploymentPostprocessing = 0;
		};
/* End PBXResourcesBuildPhase section */

/* Begin PBXSourcesBuildPhase section */
		2E8CC9152AF004700006C709 /* Sources */ = {
			isa = PBXSourcesBuildPhase;
			buildActionMask = 2147483647;
			files = (
				2E1CECBD2AF41137004195C6 /* Buttonmaps.swift in Sources */,
				2EA3FE3A2AF942E00017E669 /* ContaChilometri.swift in Sources */,
				2EFC12782AF54465005C3478 /* UsersData.swift in Sources */,
				2EFC12762AF54033005C3478 /* ProfileEditButton.swift in Sources */,
				2EFC127A2AF54A01005C3478 /* ProfileHeader.swift in Sources */,
				2EC904F72AF685CA0021257F /* Test.swift in Sources */,
				2EDC83882AF269A3009BD09B /* UserAndFontPosition.swift in Sources */,
				2EC904F42AF6665D0021257F /* RicercaNroFontanelle.swift in Sources */,
				2EA3FE382AF942360017E669 /* Timer.swift in Sources */,
				2EDC83862AF2698B009BD09B /* Fontane.swift in Sources */,
				2EA3FE362AF91F420017E669 /* test2.swift in Sources */,
				2EDC838D2AF3A7D8009BD09B /* ViewForUserDataUpdate.swift in Sources */,
				2EFC12742AF537CD005C3478 /* Historical.swift in Sources */,
				2EDC838F2AF3A7EB009BD09B /* User.swift in Sources */,
				2EFC127C2AF571D2005C3478 /* MetereologicStuff.swift in Sources */,
				2E8CC91F2AF004700006C709 /* ContentView.swift in Sources */,
				2EFC127E2AF57BAC005C3478 /* SaveAndDiscardButton.swift in Sources */,
				2EA3FE3C2AF943630017E669 /* TimerAndKm.swift in Sources */,
				2E8D6F272AF830FC005DE6C9 /* BottoneStart.swift in Sources */,
				2EDC83912AF3B40E009BD09B /* CurrnetUserLocation.swift in Sources */,
				2EDC838B2AF3A7C5009BD09B /* RunData.swift in Sources */,
				2EA3FE342AF8FAD00017E669 /* HistoricalTemplate.swift in Sources */,
			);
			runOnlyForDeploymentPostprocessing = 0;
		};
/* End PBXSourcesBuildPhase section */

/* Begin XCBuildConfiguration section */
		2E8CC9252AF004720006C709 /* Debug */ = {
			isa = XCBuildConfiguration;
			buildSettings = {
				ALWAYS_SEARCH_USER_PATHS = NO;
				ASSETCATALOG_COMPILER_GENERATE_SWIFT_ASSET_SYMBOL_EXTENSIONS = YES;
				CLANG_ANALYZER_NONNULL = YES;
				CLANG_ANALYZER_NUMBER_OBJECT_CONVERSION = YES_AGGRESSIVE;
				CLANG_CXX_LANGUAGE_STANDARD = "gnu++20";
				CLANG_ENABLE_MODULES = YES;
				CLANG_ENABLE_OBJC_ARC = YES;
				CLANG_ENABLE_OBJC_WEAK = YES;
				CLANG_WARN_BLOCK_CAPTURE_AUTORELEASING = YES;
				CLANG_WARN_BOOL_CONVERSION = YES;
				CLANG_WARN_COMMA = YES;
				CLANG_WARN_CONSTANT_CONVERSION = YES;
				CLANG_WARN_DEPRECATED_OBJC_IMPLEMENTATIONS = YES;
				CLANG_WARN_DIRECT_OBJC_ISA_USAGE = YES_ERROR;
				CLANG_WARN_DOCUMENTATION_COMMENTS = YES;
				CLANG_WARN_EMPTY_BODY = YES;
				CLANG_WARN_ENUM_CONVERSION = YES;
				CLANG_WARN_INFINITE_RECURSION = YES;
				CLANG_WARN_INT_CONVERSION = YES;
				CLANG_WARN_NON_LITERAL_NULL_CONVERSION = YES;
				CLANG_WARN_OBJC_IMPLICIT_RETAIN_SELF = YES;
				CLANG_WARN_OBJC_LITERAL_CONVERSION = YES;
				CLANG_WARN_OBJC_ROOT_CLASS = YES_ERROR;
				CLANG_WARN_QUOTED_INCLUDE_IN_FRAMEWORK_HEADER = YES;
				CLANG_WARN_RANGE_LOOP_ANALYSIS = YES;
				CLANG_WARN_STRICT_PROTOTYPES = YES;
				CLANG_WARN_SUSPICIOUS_MOVE = YES;
				CLANG_WARN_UNGUARDED_AVAILABILITY = YES_AGGRESSIVE;
				CLANG_WARN_UNREACHABLE_CODE = YES;
				CLANG_WARN__DUPLICATE_METHOD_MATCH = YES;
				COPY_PHASE_STRIP = NO;
				DEBUG_INFORMATION_FORMAT = dwarf;
				ENABLE_STRICT_OBJC_MSGSEND = YES;
				ENABLE_TESTABILITY = YES;
				ENABLE_USER_SCRIPT_SANDBOXING = YES;
				GCC_C_LANGUAGE_STANDARD = gnu17;
				GCC_DYNAMIC_NO_PIC = NO;
				GCC_NO_COMMON_BLOCKS = YES;
				GCC_OPTIMIZATION_LEVEL = 0;
				GCC_PREPROCESSOR_DEFINITIONS = (
					"DEBUG=1",
					"$(inherited)",
				);
				GCC_WARN_64_TO_32_BIT_CONVERSION = YES;
				GCC_WARN_ABOUT_RETURN_TYPE = YES_ERROR;
				GCC_WARN_UNDECLARED_SELECTOR = YES;
				GCC_WARN_UNINITIALIZED_AUTOS = YES_AGGRESSIVE;
				GCC_WARN_UNUSED_FUNCTION = YES;
				GCC_WARN_UNUSED_VARIABLE = YES;
				IPHONEOS_DEPLOYMENT_TARGET = 17.0;
				LOCALIZATION_PREFERS_STRING_CATALOGS = YES;
				MTL_ENABLE_DEBUG_INFO = INCLUDE_SOURCE;
				MTL_FAST_MATH = YES;
				ONLY_ACTIVE_ARCH = YES;
				SDKROOT = iphoneos;
				SWIFT_ACTIVE_COMPILATION_CONDITIONS = "DEBUG $(inherited)";
				SWIFT_OPTIMIZATION_LEVEL = "-Onone";
			};
			name = Debug;
		};
		2E8CC9262AF004720006C709 /* Release */ = {
			isa = XCBuildConfiguration;
			buildSettings = {
				ALWAYS_SEARCH_USER_PATHS = NO;
				ASSETCATALOG_COMPILER_GENERATE_SWIFT_ASSET_SYMBOL_EXTENSIONS = YES;
				CLANG_ANALYZER_NONNULL = YES;
				CLANG_ANALYZER_NUMBER_OBJECT_CONVERSION = YES_AGGRESSIVE;
				CLANG_CXX_LANGUAGE_STANDARD = "gnu++20";
				CLANG_ENABLE_MODULES = YES;
				CLANG_ENABLE_OBJC_ARC = YES;
				CLANG_ENABLE_OBJC_WEAK = YES;
				CLANG_WARN_BLOCK_CAPTURE_AUTORELEASING = YES;
				CLANG_WARN_BOOL_CONVERSION = YES;
				CLANG_WARN_COMMA = YES;
				CLANG_WARN_CONSTANT_CONVERSION = YES;
				CLANG_WARN_DEPRECATED_OBJC_IMPLEMENTATIONS = YES;
				CLANG_WARN_DIRECT_OBJC_ISA_USAGE = YES_ERROR;
				CLANG_WARN_DOCUMENTATION_COMMENTS = YES;
				CLANG_WARN_EMPTY_BODY = YES;
				CLANG_WARN_ENUM_CONVERSION = YES;
				CLANG_WARN_INFINITE_RECURSION = YES;
				CLANG_WARN_INT_CONVERSION = YES;
				CLANG_WARN_NON_LITERAL_NULL_CONVERSION = YES;
				CLANG_WARN_OBJC_IMPLICIT_RETAIN_SELF = YES;
				CLANG_WARN_OBJC_LITERAL_CONVERSION = YES;
				CLANG_WARN_OBJC_ROOT_CLASS = YES_ERROR;
				CLANG_WARN_QUOTED_INCLUDE_IN_FRAMEWORK_HEADER = YES;
				CLANG_WARN_RANGE_LOOP_ANALYSIS = YES;
				CLANG_WARN_STRICT_PROTOTYPES = YES;
				CLANG_WARN_SUSPICIOUS_MOVE = YES;
				CLANG_WARN_UNGUARDED_AVAILABILITY = YES_AGGRESSIVE;
				CLANG_WARN_UNREACHABLE_CODE = YES;
				CLANG_WARN__DUPLICATE_METHOD_MATCH = YES;
				COPY_PHASE_STRIP = NO;
				DEBUG_INFORMATION_FORMAT = "dwarf-with-dsym";
				ENABLE_NS_ASSERTIONS = NO;
				ENABLE_STRICT_OBJC_MSGSEND = YES;
				ENABLE_USER_SCRIPT_SANDBOXING = YES;
				GCC_C_LANGUAGE_STANDARD = gnu17;
				GCC_NO_COMMON_BLOCKS = YES;
				GCC_WARN_64_TO_32_BIT_CONVERSION = YES;
				GCC_WARN_ABOUT_RETURN_TYPE = YES_ERROR;
				GCC_WARN_UNDECLARED_SELECTOR = YES;
				GCC_WARN_UNINITIALIZED_AUTOS = YES_AGGRESSIVE;
				GCC_WARN_UNUSED_FUNCTION = YES;
				GCC_WARN_UNUSED_VARIABLE = YES;
				IPHONEOS_DEPLOYMENT_TARGET = 17.0;
				LOCALIZATION_PREFERS_STRING_CATALOGS = YES;
				MTL_ENABLE_DEBUG_INFO = NO;
				MTL_FAST_MATH = YES;
				SDKROOT = iphoneos;
				SWIFT_COMPILATION_MODE = wholemodule;
				VALIDATE_PRODUCT = YES;
			};
			name = Release;
		};
		2E8CC9282AF004720006C709 /* Debug */ = {
			isa = XCBuildConfiguration;
			buildSettings = {
				ASSETCATALOG_COMPILER_APPICON_NAME = AppIcon;
				ASSETCATALOG_COMPILER_GLOBAL_ACCENT_COLOR_NAME = AccentColor;
				CODE_SIGN_STYLE = Automatic;
				CURRENT_PROJECT_VERSION = 1;
				DEVELOPMENT_ASSET_PATHS = "\"HydroRun/Preview Content\"";
				DEVELOPMENT_TEAM = 4ST3GY7937;
				ENABLE_PREVIEWS = YES;
				GENERATE_INFOPLIST_FILE = YES;
				INFOPLIST_KEY_NSLocationWhenInUseUsageDescription = "would you like to let this app to use your corrent location?";
				INFOPLIST_KEY_UIApplicationSceneManifest_Generation = YES;
				INFOPLIST_KEY_UIApplicationSupportsIndirectInputEvents = YES;
				INFOPLIST_KEY_UILaunchScreen_Generation = YES;
				INFOPLIST_KEY_UISupportedInterfaceOrientations_iPad = "UIInterfaceOrientationPortrait UIInterfaceOrientationPortraitUpsideDown UIInterfaceOrientationLandscapeLeft UIInterfaceOrientationLandscapeRight";
				INFOPLIST_KEY_UISupportedInterfaceOrientations_iPhone = "UIInterfaceOrientationPortrait UIInterfaceOrientationLandscapeLeft UIInterfaceOrientationLandscapeRight";
				LD_RUNPATH_SEARCH_PATHS = (
					"$(inherited)",
					"@executable_path/Frameworks",
				);
				MARKETING_VERSION = 1.0;
				PRODUCT_BUNDLE_IDENTIFIER = it.AntonioTridente.HydroRun;
				PRODUCT_NAME = "$(TARGET_NAME)";
				SWIFT_EMIT_LOC_STRINGS = YES;
				SWIFT_VERSION = 5.0;
				TARGETED_DEVICE_FAMILY = "1,2";
			};
			name = Debug;
		};
		2E8CC9292AF004720006C709 /* Release */ = {
			isa = XCBuildConfiguration;
			buildSettings = {
				ASSETCATALOG_COMPILER_APPICON_NAME = AppIcon;
				ASSETCATALOG_COMPILER_GLOBAL_ACCENT_COLOR_NAME = AccentColor;
				CODE_SIGN_STYLE = Automatic;
				CURRENT_PROJECT_VERSION = 1;
				DEVELOPMENT_ASSET_PATHS = "\"HydroRun/Preview Content\"";
				DEVELOPMENT_TEAM = 4ST3GY7937;
				ENABLE_PREVIEWS = YES;
				GENERATE_INFOPLIST_FILE = YES;
				INFOPLIST_KEY_NSLocationWhenInUseUsageDescription = "would you like to let this app to use your corrent location?";
				INFOPLIST_KEY_UIApplicationSceneManifest_Generation = YES;
				INFOPLIST_KEY_UIApplicationSupportsIndirectInputEvents = YES;
				INFOPLIST_KEY_UILaunchScreen_Generation = YES;
				INFOPLIST_KEY_UISupportedInterfaceOrientations_iPad = "UIInterfaceOrientationPortrait UIInterfaceOrientationPortraitUpsideDown UIInterfaceOrientationLandscapeLeft UIInterfaceOrientationLandscapeRight";
				INFOPLIST_KEY_UISupportedInterfaceOrientations_iPhone = "UIInterfaceOrientationPortrait UIInterfaceOrientationLandscapeLeft UIInterfaceOrientationLandscapeRight";
				LD_RUNPATH_SEARCH_PATHS = (
					"$(inherited)",
					"@executable_path/Frameworks",
				);
				MARKETING_VERSION = 1.0;
				PRODUCT_BUNDLE_IDENTIFIER = it.AntonioTridente.HydroRun;
				PRODUCT_NAME = "$(TARGET_NAME)";
				SWIFT_EMIT_LOC_STRINGS = YES;
				SWIFT_VERSION = 5.0;
				TARGETED_DEVICE_FAMILY = "1,2";
			};
			name = Release;
		};
/* End XCBuildConfiguration section */

/* Begin XCConfigurationList section */
		2E8CC9142AF004700006C709 /* Build configuration list for PBXProject "HydroRun" */ = {
			isa = XCConfigurationList;
			buildConfigurations = (
				2E8CC9252AF004720006C709 /* Debug */,
				2E8CC9262AF004720006C709 /* Release */,
			);
			defaultConfigurationIsVisible = 0;
			defaultConfigurationName = Release;
		};
		2E8CC9272AF004720006C709 /* Build configuration list for PBXNativeTarget "HydroRun" */ = {
			isa = XCConfigurationList;
			buildConfigurations = (
				2E8CC9282AF004720006C709 /* Debug */,
				2E8CC9292AF004720006C709 /* Release */,
			);
			defaultConfigurationIsVisible = 0;
			defaultConfigurationName = Release;
		};
/* End XCConfigurationList section */
	};
	rootObject = 2E8CC9112AF004700006C709 /* Project object */;
}
